
Microsoft Visual Studio Solution File, Format Version 12.00
# Visual Studio Version 17
VisualStudioVersion = 17.7.34221.43
MinimumVisualStudioVersion = 10.0.40219.1
Project("{FAE04EC0-301F-11D3-BF4B-00C04F79EFBC}") = "Planets", "Planets\Planets.csproj", "{994C73C6-81EE-4116-B4BD-09AED684B156}"
EndProject
Project("{FAE04EC0-301F-11D3-BF4B-00C04F79EFBC}") = "Loops", "Loops\Loops.csproj", "{47E5BDC3-2159-4E01-B3D6-5A3E8D65529C}"
EndProject
Project("{FAE04EC0-301F-11D3-BF4B-00C04F79EFBC}") = "Method.Loop", "Method.Loop\Method.Loop.csproj", "{DA11AEF4-B20C-4FFF-AB0F-0354CD565B39}"
EndProject
Global
	GlobalSection(SolutionConfigurationPlatforms) = preSolution
		Debug|Any CPU = Debug|Any CPU
		Release|Any CPU = Release|Any CPU
	EndGlobalSection
	GlobalSection(ProjectConfigurationPlatforms) = postSolution
		{994C73C6-81EE-4116-B4BD-09AED684B156}.Debug|Any CPU.ActiveCfg = Debug|Any CPU
		{994C73C6-81EE-4116-B4BD-09AED684B156}.Debug|Any CPU.Build.0 = Debug|Any CPU
		{994C73C6-81EE-4116-B4BD-09AED684B156}.Release|Any CPU.ActiveCfg = Release|Any CPU
		{994C73C6-81EE-4116-B4BD-09AED684B156}.Release|Any CPU.Build.0 = Release|Any CPU
		{47E5BDC3-2159-4E01-B3D6-5A3E8D65529C}.Debug|Any CPU.ActiveCfg = Debug|Any CPU
		{47E5BDC3-2159-4E01-B3D6-5A3E8D65529C}.Debug|Any CPU.Build.0 = Debug|Any CPU
		{47E5BDC3-2159-4E01-B3D6-5A3E8D65529C}.Release|Any CPU.ActiveCfg = Release|Any CPU
		{47E5BDC3-2159-4E01-B3D6-5A3E8D65529C}.Release|Any CPU.Build.0 = Release|Any CPU
		{DA11AEF4-B20C-4FFF-AB0F-0354CD565B39}.Debug|Any CPU.ActiveCfg = Debug|Any CPU
		{DA11AEF4-B20C-4FFF-AB0F-0354CD565B39}.Debug|Any CPU.Build.0 = Debug|Any CPU
		{DA11AEF4-B20C-4FFF-AB0F-0354CD565B39}.Release|Any CPU.ActiveCfg = Release|Any CPU
		{DA11AEF4-B20C-4FFF-AB0F-0354CD565B39}.Release|Any CPU.Build.0 = Release|Any CPU
	EndGlobalSection
	GlobalSection(SolutionProperties) = preSolution
		HideSolutionNode = FALSE
	EndGlobalSection
	GlobalSection(ExtensibilityGlobals) = postSolution
		SolutionGuid = {258ABACF-39C8-4B46-9C2E-CDF8D146FB8E}
	EndGlobalSection
EndGlobal
